// !$*UTF8*$!
{
	archiveVersion = 1;
	classes = {
	};
	objectVersion = 55;
	objects = {

/* Begin PBXBuildFile section */
		4311A3BD26FC2A400084F923 /* AppDelegate.swift in Sources */ = {isa = PBXBuildFile; fileRef = 4311A3BC26FC2A400084F923 /* AppDelegate.swift */; };
		4311A3BF26FC2A400084F923 /* GameScene.sks in Resources */ = {isa = PBXBuildFile; fileRef = 4311A3BE26FC2A400084F923 /* GameScene.sks */; };
		4311A3C126FC2A400084F923 /* Actions.sks in Resources */ = {isa = PBXBuildFile; fileRef = 4311A3C026FC2A400084F923 /* Actions.sks */; };
		4311A3C326FC2A400084F923 /* GameScene.swift in Sources */ = {isa = PBXBuildFile; fileRef = 4311A3C226FC2A400084F923 /* GameScene.swift */; };
		4311A3C526FC2A400084F923 /* GameViewController.swift in Sources */ = {isa = PBXBuildFile; fileRef = 4311A3C426FC2A400084F923 /* GameViewController.swift */; };
		4311A3C826FC2A400084F923 /* Main.storyboard in Resources */ = {isa = PBXBuildFile; fileRef = 4311A3C626FC2A400084F923 /* Main.storyboard */; };
		4311A3CA26FC2A430084F923 /* Assets.xcassets in Resources */ = {isa = PBXBuildFile; fileRef = 4311A3C926FC2A430084F923 /* Assets.xcassets */; };
		4311A3CD26FC2A430084F923 /* LaunchScreen.storyboard in Resources */ = {isa = PBXBuildFile; fileRef = 4311A3CB26FC2A430084F923 /* LaunchScreen.storyboard */; };
		4311A3D726FC2A440084F923 /* ControllerTestTests.swift in Sources */ = {isa = PBXBuildFile; fileRef = 4311A3D626FC2A440084F923 /* ControllerTestTests.swift */; };
		4311A3E126FC2A440084F923 /* ControllerTestUITests.swift in Sources */ = {isa = PBXBuildFile; fileRef = 4311A3E026FC2A440084F923 /* ControllerTestUITests.swift */; };
		4311A3E326FC2A440084F923 /* ControllerTestUITestsLaunchTests.swift in Sources */ = {isa = PBXBuildFile; fileRef = 4311A3E226FC2A440084F923 /* ControllerTestUITestsLaunchTests.swift */; };
/* End PBXBuildFile section */

/* Begin PBXContainerItemProxy section */
		4311A3D326FC2A440084F923 /* PBXContainerItemProxy */ = {
			isa = PBXContainerItemProxy;
			containerPortal = 4311A3B126FC2A400084F923 /* Project object */;
			proxyType = 1;
			remoteGlobalIDString = 4311A3B826FC2A400084F923;
			remoteInfo = ControllerTest;
		};
		4311A3DD26FC2A440084F923 /* PBXContainerItemProxy */ = {
			isa = PBXContainerItemProxy;
			containerPortal = 4311A3B126FC2A400084F923 /* Project object */;
			proxyType = 1;
			remoteGlobalIDString = 4311A3B826FC2A400084F923;
			remoteInfo = ControllerTest;
		};
/* End PBXContainerItemProxy section */

/* Begin PBXFileReference section */
		4311A3B926FC2A400084F923 /* Angelex.app */ = {isa = PBXFileReference; explicitFileType = wrapper.application; includeInIndex = 0; path = Angelex.app; sourceTree = BUILT_PRODUCTS_DIR; };
		4311A3BC26FC2A400084F923 /* AppDelegate.swift */ = {isa = PBXFileReference; lastKnownFileType = sourcecode.swift; path = AppDelegate.swift; sourceTree = "<group>"; };
		4311A3BE26FC2A400084F923 /* GameScene.sks */ = {isa = PBXFileReference; lastKnownFileType = file.sks; path = GameScene.sks; sourceTree = "<group>"; };
		4311A3C026FC2A400084F923 /* Actions.sks */ = {isa = PBXFileReference; lastKnownFileType = file.sks; path = Actions.sks; sourceTree = "<group>"; };
		4311A3C226FC2A400084F923 /* GameScene.swift */ = {isa = PBXFileReference; lastKnownFileType = sourcecode.swift; path = GameScene.swift; sourceTree = "<group>"; };
		4311A3C426FC2A400084F923 /* GameViewController.swift */ = {isa = PBXFileReference; lastKnownFileType = sourcecode.swift; path = GameViewController.swift; sourceTree = "<group>"; };
		4311A3C726FC2A400084F923 /* Base */ = {isa = PBXFileReference; lastKnownFileType = file.storyboard; name = Base; path = Base.lproj/Main.storyboard; sourceTree = "<group>"; };
		4311A3C926FC2A430084F923 /* Assets.xcassets */ = {isa = PBXFileReference; lastKnownFileType = folder.assetcatalog; path = Assets.xcassets; sourceTree = "<group>"; };
		4311A3CC26FC2A430084F923 /* Base */ = {isa = PBXFileReference; lastKnownFileType = file.storyboard; name = Base; path = Base.lproj/LaunchScreen.storyboard; sourceTree = "<group>"; };
		4311A3D226FC2A440084F923 /* AngelixTests.xctest */ = {isa = PBXFileReference; explicitFileType = wrapper.cfbundle; includeInIndex = 0; path = AngelixTests.xctest; sourceTree = BUILT_PRODUCTS_DIR; };
		4311A3D626FC2A440084F923 /* ControllerTestTests.swift */ = {isa = PBXFileReference; lastKnownFileType = sourcecode.swift; path = ControllerTestTests.swift; sourceTree = "<group>"; };
		4311A3DC26FC2A440084F923 /* AngelixUITests.xctest */ = {isa = PBXFileReference; explicitFileType = wrapper.cfbundle; includeInIndex = 0; path = AngelixUITests.xctest; sourceTree = BUILT_PRODUCTS_DIR; };
		4311A3E026FC2A440084F923 /* ControllerTestUITests.swift */ = {isa = PBXFileReference; lastKnownFileType = sourcecode.swift; path = ControllerTestUITests.swift; sourceTree = "<group>"; };
		4311A3E226FC2A440084F923 /* ControllerTestUITestsLaunchTests.swift */ = {isa = PBXFileReference; lastKnownFileType = sourcecode.swift; path = ControllerTestUITestsLaunchTests.swift; sourceTree = "<group>"; };
/* End PBXFileReference section */

/* Begin PBXFrameworksBuildPhase section */
		4311A3B626FC2A400084F923 /* Frameworks */ = {
			isa = PBXFrameworksBuildPhase;
			buildActionMask = 2147483647;
			files = (
			);
			runOnlyForDeploymentPostprocessing = 0;
		};
		4311A3CF26FC2A440084F923 /* Frameworks */ = {
			isa = PBXFrameworksBuildPhase;
			buildActionMask = 2147483647;
			files = (
			);
			runOnlyForDeploymentPostprocessing = 0;
		};
		4311A3D926FC2A440084F923 /* Frameworks */ = {
			isa = PBXFrameworksBuildPhase;
			buildActionMask = 2147483647;
			files = (
			);
			runOnlyForDeploymentPostprocessing = 0;
		};
/* End PBXFrameworksBuildPhase section */

/* Begin PBXGroup section */
		4311A3B026FC2A400084F923 = {
			isa = PBXGroup;
			children = (
				4311A3BB26FC2A400084F923 /* ControllerTest */,
				4311A3D526FC2A440084F923 /* ControllerTestTests */,
				4311A3DF26FC2A440084F923 /* ControllerTestUITests */,
				4311A3BA26FC2A400084F923 /* Products */,
			);
			sourceTree = "<group>";
		};
		4311A3BA26FC2A400084F923 /* Products */ = {
			isa = PBXGroup;
			children = (
				4311A3B926FC2A400084F923 /* Angelex.app */,
				4311A3D226FC2A440084F923 /* AngelixTests.xctest */,
				4311A3DC26FC2A440084F923 /* AngelixUITests.xctest */,
			);
			name = Products;
			sourceTree = "<group>";
		};
		4311A3BB26FC2A400084F923 /* ControllerTest */ = {
			isa = PBXGroup;
			children = (
				4311A3BC26FC2A400084F923 /* AppDelegate.swift */,
				4311A3BE26FC2A400084F923 /* GameScene.sks */,
				4311A3C026FC2A400084F923 /* Actions.sks */,
				4311A3C226FC2A400084F923 /* GameScene.swift */,
				4311A3C426FC2A400084F923 /* GameViewController.swift */,
				4311A3C626FC2A400084F923 /* Main.storyboard */,
				4311A3C926FC2A430084F923 /* Assets.xcassets */,
				4311A3CB26FC2A430084F923 /* LaunchScreen.storyboard */,
			);
			path = ControllerTest;
			sourceTree = "<group>";
		};
		4311A3D526FC2A440084F923 /* ControllerTestTests */ = {
			isa = PBXGroup;
			children = (
				4311A3D626FC2A440084F923 /* ControllerTestTests.swift */,
			);
			path = ControllerTestTests;
			sourceTree = "<group>";
		};
		4311A3DF26FC2A440084F923 /* ControllerTestUITests */ = {
			isa = PBXGroup;
			children = (
				4311A3E026FC2A440084F923 /* ControllerTestUITests.swift */,
				4311A3E226FC2A440084F923 /* ControllerTestUITestsLaunchTests.swift */,
			);
			path = ControllerTestUITests;
			sourceTree = "<group>";
		};
/* End PBXGroup section */

/* Begin PBXNativeTarget section */
		4311A3B826FC2A400084F923 /* Angelix */ = {
			isa = PBXNativeTarget;
			buildConfigurationList = 4311A3E626FC2A440084F923 /* Build configuration list for PBXNativeTarget "Angelix" */;
			buildPhases = (
				4311A3B526FC2A400084F923 /* Sources */,
				4311A3B626FC2A400084F923 /* Frameworks */,
				4311A3B726FC2A400084F923 /* Resources */,
			);
			buildRules = (
			);
			dependencies = (
			);
			name = Angelix;
			productName = ControllerTest;
			productReference = 4311A3B926FC2A400084F923 /* Angelex.app */;
			productType = "com.apple.product-type.application";
		};
		4311A3D126FC2A440084F923 /* AngelixTests */ = {
			isa = PBXNativeTarget;
			buildConfigurationList = 4311A3E926FC2A440084F923 /* Build configuration list for PBXNativeTarget "AngelixTests" */;
			buildPhases = (
				4311A3CE26FC2A440084F923 /* Sources */,
				4311A3CF26FC2A440084F923 /* Frameworks */,
				4311A3D026FC2A440084F923 /* Resources */,
			);
			buildRules = (
			);
			dependencies = (
				4311A3D426FC2A440084F923 /* PBXTargetDependency */,
			);
			name = AngelixTests;
			productName = ControllerTestTests;
			productReference = 4311A3D226FC2A440084F923 /* AngelixTests.xctest */;
			productType = "com.apple.product-type.bundle.unit-test";
		};
		4311A3DB26FC2A440084F923 /* AngelixUITests */ = {
			isa = PBXNativeTarget;
			buildConfigurationList = 4311A3EC26FC2A440084F923 /* Build configuration list for PBXNativeTarget "AngelixUITests" */;
			buildPhases = (
				4311A3D826FC2A440084F923 /* Sources */,
				4311A3D926FC2A440084F923 /* Frameworks */,
				4311A3DA26FC2A440084F923 /* Resources */,
			);
			buildRules = (
			);
			dependencies = (
				4311A3DE26FC2A440084F923 /* PBXTargetDependency */,
			);
			name = AngelixUITests;
			productName = ControllerTestUITests;
			productReference = 4311A3DC26FC2A440084F923 /* AngelixUITests.xctest */;
			productType = "com.apple.product-type.bundle.ui-testing";
		};
/* End PBXNativeTarget section */

/* Begin PBXProject section */
		4311A3B126FC2A400084F923 /* Project object */ = {
			isa = PBXProject;
			attributes = {
				BuildIndependentTargetsInParallel = 1;
				LastSwiftUpdateCheck = 1300;
				LastUpgradeCheck = 1300;
				TargetAttributes = {
					4311A3B826FC2A400084F923 = {
						CreatedOnToolsVersion = 13.0;
					};
					4311A3D126FC2A440084F923 = {
						CreatedOnToolsVersion = 13.0;
						TestTargetID = 4311A3B826FC2A400084F923;
					};
					4311A3DB26FC2A440084F923 = {
						CreatedOnToolsVersion = 13.0;
						TestTargetID = 4311A3B826FC2A400084F923;
					};
				};
			};
			buildConfigurationList = 4311A3B426FC2A400084F923 /* Build configuration list for PBXProject "Angelix" */;
			compatibilityVersion = "Xcode 13.0";
			developmentRegion = en;
			hasScannedForEncodings = 0;
			knownRegions = (
				en,
				Base,
			);
			mainGroup = 4311A3B026FC2A400084F923;
			productRefGroup = 4311A3BA26FC2A400084F923 /* Products */;
			projectDirPath = "";
			projectRoot = "";
			targets = (
				4311A3B826FC2A400084F923 /* Angelix */,
				4311A3D126FC2A440084F923 /* AngelixTests */,
				4311A3DB26FC2A440084F923 /* AngelixUITests */,
			);
		};
/* End PBXProject section */

/* Begin PBXResourcesBuildPhase section */
		4311A3B726FC2A400084F923 /* Resources */ = {
			isa = PBXResourcesBuildPhase;
			buildActionMask = 2147483647;
			files = (
				4311A3C826FC2A400084F923 /* Main.storyboard in Resources */,
				4311A3BF26FC2A400084F923 /* GameScene.sks in Resources */,
				4311A3CA26FC2A430084F923 /* Assets.xcassets in Resources */,
				4311A3CD26FC2A430084F923 /* LaunchScreen.storyboard in Resources */,
				4311A3C126FC2A400084F923 /* Actions.sks in Resources */,
			);
			runOnlyForDeploymentPostprocessing = 0;
		};
		4311A3D026FC2A440084F923 /* Resources */ = {
			isa = PBXResourcesBuildPhase;
			buildActionMask = 2147483647;
			files = (
			);
			runOnlyForDeploymentPostprocessing = 0;
		};
		4311A3DA26FC2A440084F923 /* Resources */ = {
			isa = PBXResourcesBuildPhase;
			buildActionMask = 2147483647;
			files = (
			);
			runOnlyForDeploymentPostprocessing = 0;
		};
/* End PBXResourcesBuildPhase section */

/* Begin PBXSourcesBuildPhase section */
		4311A3B526FC2A400084F923 /* Sources */ = {
			isa = PBXSourcesBuildPhase;
			buildActionMask = 2147483647;
			files = (
				4311A3C326FC2A400084F923 /* GameScene.swift in Sources */,
				4311A3C526FC2A400084F923 /* GameViewController.swift in Sources */,
				4311A3BD26FC2A400084F923 /* AppDelegate.swift in Sources */,
			);
			runOnlyForDeploymentPostprocessing = 0;
		};
		4311A3CE26FC2A440084F923 /* Sources */ = {
			isa = PBXSourcesBuildPhase;
			buildActionMask = 2147483647;
			files = (
				4311A3D726FC2A440084F923 /* ControllerTestTests.swift in Sources */,
			);
			runOnlyForDeploymentPostprocessing = 0;
		};
		4311A3D826FC2A440084F923 /* Sources */ = {
			isa = PBXSourcesBuildPhase;
			buildActionMask = 2147483647;
			files = (
				4311A3E326FC2A440084F923 /* ControllerTestUITestsLaunchTests.swift in Sources */,
				4311A3E126FC2A440084F923 /* ControllerTestUITests.swift in Sources */,
			);
			runOnlyForDeploymentPostprocessing = 0;
		};
/* End PBXSourcesBuildPhase section */

/* Begin PBXTargetDependency section */
		4311A3D426FC2A440084F923 /* PBXTargetDependency */ = {
			isa = PBXTargetDependency;
			target = 4311A3B826FC2A400084F923 /* Angelix */;
			targetProxy = 4311A3D326FC2A440084F923 /* PBXContainerItemProxy */;
		};
		4311A3DE26FC2A440084F923 /* PBXTargetDependency */ = {
			isa = PBXTargetDependency;
			target = 4311A3B826FC2A400084F923 /* Angelix */;
			targetProxy = 4311A3DD26FC2A440084F923 /* PBXContainerItemProxy */;
		};
/* End PBXTargetDependency section */

/* Begin PBXVariantGroup section */
		4311A3C626FC2A400084F923 /* Main.storyboard */ = {
			isa = PBXVariantGroup;
			children = (
				4311A3C726FC2A400084F923 /* Base */,
			);
			name = Main.storyboard;
			sourceTree = "<group>";
		};
		4311A3CB26FC2A430084F923 /* LaunchScreen.storyboard */ = {
			isa = PBXVariantGroup;
			children = (
				4311A3CC26FC2A430084F923 /* Base */,
			);
			name = LaunchScreen.storyboard;
			sourceTree = "<group>";
		};
/* End PBXVariantGroup section */

/* Begin XCBuildConfiguration section */
		4311A3E426FC2A440084F923 /* Debug */ = {
			isa = XCBuildConfiguration;
			buildSettings = {
				ALWAYS_SEARCH_USER_PATHS = NO;
				CLANG_ANALYZER_NONNULL = YES;
				CLANG_ANALYZER_NUMBER_OBJECT_CONVERSION = YES_AGGRESSIVE;
				CLANG_CXX_LANGUAGE_STANDARD = "gnu++17";
				CLANG_CXX_LIBRARY = "libc++";
				CLANG_ENABLE_MODULES = YES;
				CLANG_ENABLE_OBJC_ARC = YES;
				CLANG_ENABLE_OBJC_WEAK = YES;
				CLANG_WARN_BLOCK_CAPTURE_AUTORELEASING = YES;
				CLANG_WARN_BOOL_CONVERSION = YES;
				CLANG_WARN_COMMA = YES;
				CLANG_WARN_CONSTANT_CONVERSION = YES;
				CLANG_WARN_DEPRECATED_OBJC_IMPLEMENTATIONS = YES;
				CLANG_WARN_DIRECT_OBJC_ISA_USAGE = YES_ERROR;
				CLANG_WARN_DOCUMENTATION_COMMENTS = YES;
				CLANG_WARN_EMPTY_BODY = YES;
				CLANG_WARN_ENUM_CONVERSION = YES;
				CLANG_WARN_INFINITE_RECURSION = YES;
				CLANG_WARN_INT_CONVERSION = YES;
				CLANG_WARN_NON_LITERAL_NULL_CONVERSION = YES;
				CLANG_WARN_OBJC_IMPLICIT_RETAIN_SELF = YES;
				CLANG_WARN_OBJC_LITERAL_CONVERSION = YES;
				CLANG_WARN_OBJC_ROOT_CLASS = YES_ERROR;
				CLANG_WARN_QUOTED_INCLUDE_IN_FRAMEWORK_HEADER = YES;
				CLANG_WARN_RANGE_LOOP_ANALYSIS = YES;
				CLANG_WARN_STRICT_PROTOTYPES = YES;
				CLANG_WARN_SUSPICIOUS_MOVE = YES;
				CLANG_WARN_UNGUARDED_AVAILABILITY = YES_AGGRESSIVE;
				CLANG_WARN_UNREACHABLE_CODE = YES;
				CLANG_WARN__DUPLICATE_METHOD_MATCH = YES;
				COPY_PHASE_STRIP = NO;
				DEBUG_INFORMATION_FORMAT = dwarf;
				ENABLE_STRICT_OBJC_MSGSEND = YES;
				ENABLE_TESTABILITY = YES;
				GCC_C_LANGUAGE_STANDARD = gnu11;
				GCC_DYNAMIC_NO_PIC = NO;
				GCC_NO_COMMON_BLOCKS = YES;
				GCC_OPTIMIZATION_LEVEL = 0;
				GCC_PREPROCESSOR_DEFINITIONS = (
					"DEBUG=1",
					"$(inherited)",
				);
				GCC_WARN_64_TO_32_BIT_CONVERSION = YES;
				GCC_WARN_ABOUT_RETURN_TYPE = YES_ERROR;
				GCC_WARN_UNDECLARED_SELECTOR = YES;
				GCC_WARN_UNINITIALIZED_AUTOS = YES_AGGRESSIVE;
				GCC_WARN_UNUSED_FUNCTION = YES;
				GCC_WARN_UNUSED_VARIABLE = YES;
				IPHONEOS_DEPLOYMENT_TARGET = 15.0;
				MTL_ENABLE_DEBUG_INFO = INCLUDE_SOURCE;
				MTL_FAST_MATH = YES;
				ONLY_ACTIVE_ARCH = YES;
				SDKROOT = iphoneos;
				SWIFT_ACTIVE_COMPILATION_CONDITIONS = DEBUG;
				SWIFT_OPTIMIZATION_LEVEL = "-Onone";
			};
			name = Debug;
		};
		4311A3E526FC2A440084F923 /* Release */ = {
			isa = XCBuildConfiguration;
			buildSettings = {
				ALWAYS_SEARCH_USER_PATHS = NO;
				CLANG_ANALYZER_NONNULL = YES;
				CLANG_ANALYZER_NUMBER_OBJECT_CONVERSION = YES_AGGRESSIVE;
				CLANG_CXX_LANGUAGE_STANDARD = "gnu++17";
				CLANG_CXX_LIBRARY = "libc++";
				CLANG_ENABLE_MODULES = YES;
				CLANG_ENABLE_OBJC_ARC = YES;
				CLANG_ENABLE_OBJC_WEAK = YES;
				CLANG_WARN_BLOCK_CAPTURE_AUTORELEASING = YES;
				CLANG_WARN_BOOL_CONVERSION = YES;
				CLANG_WARN_COMMA = YES;
				CLANG_WARN_CONSTANT_CONVERSION = YES;
				CLANG_WARN_DEPRECATED_OBJC_IMPLEMENTATIONS = YES;
				CLANG_WARN_DIRECT_OBJC_ISA_USAGE = YES_ERROR;
				CLANG_WARN_DOCUMENTATION_COMMENTS = YES;
				CLANG_WARN_EMPTY_BODY = YES;
				CLANG_WARN_ENUM_CONVERSION = YES;
				CLANG_WARN_INFINITE_RECURSION = YES;
				CLANG_WARN_INT_CONVERSION = YES;
				CLANG_WARN_NON_LITERAL_NULL_CONVERSION = YES;
				CLANG_WARN_OBJC_IMPLICIT_RETAIN_SELF = YES;
				CLANG_WARN_OBJC_LITERAL_CONVERSION = YES;
				CLANG_WARN_OBJC_ROOT_CLASS = YES_ERROR;
				CLANG_WARN_QUOTED_INCLUDE_IN_FRAMEWORK_HEADER = YES;
				CLANG_WARN_RANGE_LOOP_ANALYSIS = YES;
				CLANG_WARN_STRICT_PROTOTYPES = YES;
				CLANG_WARN_SUSPICIOUS_MOVE = YES;
				CLANG_WARN_UNGUARDED_AVAILABILITY = YES_AGGRESSIVE;
				CLANG_WARN_UNREACHABLE_CODE = YES;
				CLANG_WARN__DUPLICATE_METHOD_MATCH = YES;
				COPY_PHASE_STRIP = NO;
				DEBUG_INFORMATION_FORMAT = "dwarf-with-dsym";
				ENABLE_NS_ASSERTIONS = NO;
				ENABLE_STRICT_OBJC_MSGSEND = YES;
				GCC_C_LANGUAGE_STANDARD = gnu11;
				GCC_NO_COMMON_BLOCKS = YES;
				GCC_WARN_64_TO_32_BIT_CONVERSION = YES;
				GCC_WARN_ABOUT_RETURN_TYPE = YES_ERROR;
				GCC_WARN_UNDECLARED_SELECTOR = YES;
				GCC_WARN_UNINITIALIZED_AUTOS = YES_AGGRESSIVE;
				GCC_WARN_UNUSED_FUNCTION = YES;
				GCC_WARN_UNUSED_VARIABLE = YES;
				IPHONEOS_DEPLOYMENT_TARGET = 15.0;
				MTL_ENABLE_DEBUG_INFO = NO;
				MTL_FAST_MATH = YES;
				SDKROOT = iphoneos;
				SWIFT_COMPILATION_MODE = wholemodule;
				SWIFT_OPTIMIZATION_LEVEL = "-O";
				VALIDATE_PRODUCT = YES;
			};
			name = Release;
		};
		4311A3E726FC2A440084F923 /* Debug */ = {
			isa = XCBuildConfiguration;
			buildSettings = {
				ASSETCATALOG_COMPILER_APPICON_NAME = AppIcon;
				ASSETCATALOG_COMPILER_GLOBAL_ACCENT_COLOR_NAME = AccentColor;
				CODE_SIGN_STYLE = Automatic;
				CURRENT_PROJECT_VERSION = 1;
				DEVELOPMENT_TEAM = V9QPA276C7;
				GENERATE_INFOPLIST_FILE = YES;
				INFOPLIST_KEY_UIApplicationSupportsIndirectInputEvents = YES;
				INFOPLIST_KEY_UILaunchStoryboardName = LaunchScreen;
				INFOPLIST_KEY_UIMainStoryboardFile = Main;
				INFOPLIST_KEY_UIStatusBarHidden = YES;
				INFOPLIST_KEY_UISupportedInterfaceOrientations_iPad = "UIInterfaceOrientationPortrait UIInterfaceOrientationPortraitUpsideDown UIInterfaceOrientationLandscapeLeft UIInterfaceOrientationLandscapeRight";
				INFOPLIST_KEY_UISupportedInterfaceOrientations_iPhone = "UIInterfaceOrientationPortrait UIInterfaceOrientationLandscapeLeft UIInterfaceOrientationLandscapeRight";
				LD_RUNPATH_SEARCH_PATHS = (
					"$(inherited)",
					"@executable_path/Frameworks",
				);
				MARKETING_VERSION = 1.0;
				PRODUCT_BUNDLE_IDENTIFIER = com.angelix.app;
				PRODUCT_NAME = Angelex;
				SWIFT_EMIT_LOC_STRINGS = YES;
				SWIFT_VERSION = 5.0;
				TARGETED_DEVICE_FAMILY = "1,2";
			};
			name = Debug;
		};
		4311A3E826FC2A440084F923 /* Release */ = {
			isa = XCBuildConfiguration;
			buildSettings = {
				ASSETCATALOG_COMPILER_APPICON_NAME = AppIcon;
				ASSETCATALOG_COMPILER_GLOBAL_ACCENT_COLOR_NAME = AccentColor;
				CODE_SIGN_STYLE = Automatic;
				CURRENT_PROJECT_VERSION = 1;
				DEVELOPMENT_TEAM = V9QPA276C7;
				GENERATE_INFOPLIST_FILE = YES;
				INFOPLIST_KEY_UIApplicationSupportsIndirectInputEvents = YES;
				INFOPLIST_KEY_UILaunchStoryboardName = LaunchScreen;
				INFOPLIST_KEY_UIMainStoryboardFile = Main;
				INFOPLIST_KEY_UIStatusBarHidden = YES;
				INFOPLIST_KEY_UISupportedInterfaceOrientations_iPad = "UIInterfaceOrientationPortrait UIInterfaceOrientationPortraitUpsideDown UIInterfaceOrientationLandscapeLeft UIInterfaceOrientationLandscapeRight";
				INFOPLIST_KEY_UISupportedInterfaceOrientations_iPhone = "UIInterfaceOrientationPortrait UIInterfaceOrientationLandscapeLeft UIInterfaceOrientationLandscapeRight";
				LD_RUNPATH_SEARCH_PATHS = (
					"$(inherited)",
					"@executable_path/Frameworks",
				);
				MARKETING_VERSION = 1.0;
				PRODUCT_BUNDLE_IDENTIFIER = com.angelix.app;
				PRODUCT_NAME = Angelex;
				SWIFT_EMIT_LOC_STRINGS = YES;
				SWIFT_VERSION = 5.0;
				TARGETED_DEVICE_FAMILY = "1,2";
			};
			name = Release;
		};
		4311A3EA26FC2A440084F923 /* Debug */ = {
			isa = XCBuildConfiguration;
			buildSettings = {
				ALWAYS_EMBED_SWIFT_STANDARD_LIBRARIES = YES;
				BUNDLE_LOADER = "$(TEST_HOST)";
				CODE_SIGN_STYLE = Automatic;
				CURRENT_PROJECT_VERSION = 1;
				DEVELOPMENT_TEAM = V9QPA276C7;
				GENERATE_INFOPLIST_FILE = YES;
				IPHONEOS_DEPLOYMENT_TARGET = 15.0;
				LD_RUNPATH_SEARCH_PATHS = (
					"$(inherited)",
					"@executable_path/Frameworks",
					"@loader_path/Frameworks",
				);
				MARKETING_VERSION = 1.0;
				PRODUCT_BUNDLE_IDENTIFIER = "Julio-Guzman.ControllerTestTests";
				PRODUCT_NAME = "$(TARGET_NAME)";
				SWIFT_EMIT_LOC_STRINGS = NO;
				SWIFT_VERSION = 5.0;
				TARGETED_DEVICE_FAMILY = "1,2";
				TEST_HOST = "$(BUILT_PRODUCTS_DIR)/Angelix.app/Angelix";
			};
			name = Debug;
		};
		4311A3EB26FC2A440084F923 /* Release */ = {
			isa = XCBuildConfiguration;
			buildSettings = {
				ALWAYS_EMBED_SWIFT_STANDARD_LIBRARIES = YES;
				BUNDLE_LOADER = "$(TEST_HOST)";
				CODE_SIGN_STYLE = Automatic;
				CURRENT_PROJECT_VERSION = 1;
				DEVELOPMENT_TEAM = V9QPA276C7;
				GENERATE_INFOPLIST_FILE = YES;
				IPHONEOS_DEPLOYMENT_TARGET = 15.0;
				LD_RUNPATH_SEARCH_PATHS = (
					"$(inherited)",
					"@executable_path/Frameworks",
					"@loader_path/Frameworks",
				);
				MARKETING_VERSION = 1.0;
				PRODUCT_BUNDLE_IDENTIFIER = "Julio-Guzman.ControllerTestTests";
				PRODUCT_NAME = "$(TARGET_NAME)";
				SWIFT_EMIT_LOC_STRINGS = NO;
				SWIFT_VERSION = 5.0;
				TARGETED_DEVICE_FAMILY = "1,2";
				TEST_HOST = "$(BUILT_PRODUCTS_DIR)/Angelix.app/Angelix";
			};
			name = Release;
		};
		4311A3ED26FC2A440084F923 /* Debug */ = {
			isa = XCBuildConfiguration;
			buildSettings = {
				ALWAYS_EMBED_SWIFT_STANDARD_LIBRARIES = YES;
				CODE_SIGN_STYLE = Automatic;
				CURRENT_PROJECT_VERSION = 1;
				DEVELOPMENT_TEAM = V9QPA276C7;
				GENERATE_INFOPLIST_FILE = YES;
				LD_RUNPATH_SEARCH_PATHS = (
					"$(inherited)",
					"@executable_path/Frameworks",
					"@loader_path/Frameworks",
				);
				MARKETING_VERSION = 1.0;
				PRODUCT_BUNDLE_IDENTIFIER = "Julio-Guzman.ControllerTestUITests";
				PRODUCT_NAME = "$(TARGET_NAME)";
				SWIFT_EMIT_LOC_STRINGS = NO;
				SWIFT_VERSION = 5.0;
				TARGETED_DEVICE_FAMILY = "1,2";
				TEST_TARGET_NAME = ControllerTest;
			};
			name = Debug;
		};
		4311A3EE26FC2A440084F923 /* Release */ = {
			isa = XCBuildConfiguration;
			buildSettings = {
				ALWAYS_EMBED_SWIFT_STANDARD_LIBRARIES = YES;
				CODE_SIGN_STYLE = Automatic;
				CURRENT_PROJECT_VERSION = 1;
				DEVELOPMENT_TEAM = V9QPA276C7;
				GENERATE_INFOPLIST_FILE = YES;
				LD_RUNPATH_SEARCH_PATHS = (
					"$(inherited)",
					"@executable_path/Frameworks",
					"@loader_path/Frameworks",
				);
				MARKETING_VERSION = 1.0;
				PRODUCT_BUNDLE_IDENTIFIER = "Julio-Guzman.ControllerTestUITests";
				PRODUCT_NAME = "$(TARGET_NAME)";
				SWIFT_EMIT_LOC_STRINGS = NO;
				SWIFT_VERSION = 5.0;
				TARGETED_DEVICE_FAMILY = "1,2";
				TEST_TARGET_NAME = ControllerTest;
			};
			name = Release;
		};
/* End XCBuildConfiguration section */

/* Begin XCConfigurationList section */
		4311A3B426FC2A400084F923 /* Build configuration list for PBXProject "Angelix" */ = {
			isa = XCConfigurationList;
			buildConfigurations = (
				4311A3E426FC2A440084F923 /* Debug */,
				4311A3E526FC2A440084F923 /* Release */,
			);
			defaultConfigurationIsVisible = 0;
			defaultConfigurationName = Release;
		};
		4311A3E626FC2A440084F923 /* Build configuration list for PBXNativeTarget "Angelix" */ = {
			isa = XCConfigurationList;
			buildConfigurations = (
				4311A3E726FC2A440084F923 /* Debug */,
				4311A3E826FC2A440084F923 /* Release */,
			);
			defaultConfigurationIsVisible = 0;
			defaultConfigurationName = Release;
		};
		4311A3E926FC2A440084F923 /* Build configuration list for PBXNativeTarget "AngelixTests" */ = {
			isa = XCConfigurationList;
			buildConfigurations = (
				4311A3EA26FC2A440084F923 /* Debug */,
				4311A3EB26FC2A440084F923 /* Release */,
			);
			defaultConfigurationIsVisible = 0;
			defaultConfigurationName = Release;
		};
		4311A3EC26FC2A440084F923 /* Build configuration list for PBXNativeTarget "AngelixUITests" */ = {
			isa = XCConfigurationList;
			buildConfigurations = (
				4311A3ED26FC2A440084F923 /* Debug */,
				4311A3EE26FC2A440084F923 /* Release */,
			);
			defaultConfigurationIsVisible = 0;
			defaultConfigurationName = Release;
		};
/* End XCConfigurationList section */
	};
	rootObject = 4311A3B126FC2A400084F923 /* Project object */;
}
